
Microsoft Visual Studio Solution File, Format Version 12.00
# Visual Studio Version 16
VisualStudioVersion = 16.0.31702.278
MinimumVisualStudioVersion = 10.0.40219.1
Project("{FAE04EC0-301F-11D3-BF4B-00C04F79EFBC}") = "Assignment2", "Assignment2.csproj", "{E90B3BB9-58B8-4EFF-A561-11D209397723}"
EndProject
Global
	GlobalSection(SolutionConfigurationPlatforms) = preSolution
		Debug|Any CPU = Debug|Any CPU
		Release|Any CPU = Release|Any CPU
	EndGlobalSection
	GlobalSection(ProjectConfigurationPlatforms) = postSolution
		{E90B3BB9-58B8-4EFF-A561-11D209397723}.Debug|Any CPU.ActiveCfg = Debug|Any CPU
		{E90B3BB9-58B8-4EFF-A561-11D209397723}.Debug|Any CPU.Build.0 = Debug|Any CPU
		{E90B3BB9-58B8-4EFF-A561-11D209397723}.Release|Any CPU.ActiveCfg = Release|Any CPU
		{E90B3BB9-58B8-4EFF-A561-11D209397723}.Release|Any CPU.Build.0 = Release|Any CPU
	EndGlobalSection
	GlobalSection(SolutionProperties) = preSolution
		HideSolutionNode = FALSE
	EndGlobalSection
	GlobalSection(ExtensibilityGlobals) = postSolution
		SolutionGuid = {4B25ACE7-418A-408E-A717-2EFCB96A7F38}
	EndGlobalSection
EndGlobal
